github.com/beevik/etree v1.6.0 h1:u8Kwy8pp9D9XeITj2Z0XtA5qqZEmtJtuXZRQi+j03eE=
github.com/beevik/etree v1.6.0/go.mod h1:bh4zJxiIr62SOf9pRzN7UUYaEDa9HEKafK25+sLc0Gc=
golang.org/x/net v0.54.0 h1:2zJIZAxAHV/OHCDTCOHAYehQzLfSXuf/5SoL/Dv6w/w=
golang.org/x/net v0.54.0/go.mod h1:Sj4oj8jK6XmHpBZU/zWHw3BV3abl4Kvi+Ut7cQcY+cQ=
